
Microsoft Visual Studio Solution File, Format Version 12.00
# Visual Studio Version 16
VisualStudioVersion = 16.0.31112.23
MinimumVisualStudioVersion = 10.0.40219.1
Project("{FAE04EC0-301F-11D3-BF4B-00C04F79EFBC}") = "algorithm_summer_08", "algorithm_summer_08\algorithm_summer_08.csproj", "{3C54B461-B89D-4036-B015-7E3D3C06BE14}"
EndProject
Global
	GlobalSection(SolutionConfigurationPlatforms) = preSolution
		Debug|Any CPU = Debug|Any CPU
		Release|Any CPU = Release|Any CPU
	EndGlobalSection
	GlobalSection(ProjectConfigurationPlatforms) = postSolution
		{3C54B461-B89D-4036-B015-7E3D3C06BE14}.Debug|Any CPU.ActiveCfg = Debug|Any CPU
		{3C54B461-B89D-4036-B015-7E3D3C06BE14}.Debug|Any CPU.Build.0 = Debug|Any CPU
		{3C54B461-B89D-4036-B015-7E3D3C06BE14}.Release|Any CPU.ActiveCfg = Release|Any CPU
		{3C54B461-B89D-4036-B015-7E3D3C06BE14}.Release|Any CPU.Build.0 = Release|Any CPU
	EndGlobalSection
	GlobalSection(SolutionProperties) = preSolution
		HideSolutionNode = FALSE
	EndGlobalSection
	GlobalSection(ExtensibilityGlobals) = postSolution
		SolutionGuid = {CFA662DB-97CA-46BD-B49F-718B2BFAD6DB}
	EndGlobalSection
EndGlobal
