
Microsoft Visual Studio Solution File, Format Version 12.00
# Visual Studio Version 16
VisualStudioVersion = 16.0.31112.23
MinimumVisualStudioVersion = 10.0.40219.1
Project("{FAE04EC0-301F-11D3-BF4B-00C04F79EFBC}") = "algorithm_summer_07", "algorithm_summer_07\algorithm_summer_07.csproj", "{788D949C-CB9A-4BBD-A46A-67EFC8A28156}"
EndProject
Global
	GlobalSection(SolutionConfigurationPlatforms) = preSolution
		Debug|Any CPU = Debug|Any CPU
		Release|Any CPU = Release|Any CPU
	EndGlobalSection
	GlobalSection(ProjectConfigurationPlatforms) = postSolution
		{788D949C-CB9A-4BBD-A46A-67EFC8A28156}.Debug|Any CPU.ActiveCfg = Debug|Any CPU
		{788D949C-CB9A-4BBD-A46A-67EFC8A28156}.Debug|Any CPU.Build.0 = Debug|Any CPU
		{788D949C-CB9A-4BBD-A46A-67EFC8A28156}.Release|Any CPU.ActiveCfg = Release|Any CPU
		{788D949C-CB9A-4BBD-A46A-67EFC8A28156}.Release|Any CPU.Build.0 = Release|Any CPU
	EndGlobalSection
	GlobalSection(SolutionProperties) = preSolution
		HideSolutionNode = FALSE
	EndGlobalSection
	GlobalSection(ExtensibilityGlobals) = postSolution
		SolutionGuid = {943752DF-8423-4269-98F6-BBAE7A44ADB7}
	EndGlobalSection
EndGlobal
