
Microsoft Visual Studio Solution File, Format Version 12.00
# Visual Studio Version 16
VisualStudioVersion = 16.0.31112.23
MinimumVisualStudioVersion = 10.0.40219.1
Project("{FAE04EC0-301F-11D3-BF4B-00C04F79EFBC}") = "algorithm_summer_04", "algorithm_summer_04\algorithm_summer_04.csproj", "{B2A2055E-1425-4DEE-9664-8397B2799A79}"
EndProject
Global
	GlobalSection(SolutionConfigurationPlatforms) = preSolution
		Debug|Any CPU = Debug|Any CPU
		Release|Any CPU = Release|Any CPU
	EndGlobalSection
	GlobalSection(ProjectConfigurationPlatforms) = postSolution
		{B2A2055E-1425-4DEE-9664-8397B2799A79}.Debug|Any CPU.ActiveCfg = Debug|Any CPU
		{B2A2055E-1425-4DEE-9664-8397B2799A79}.Debug|Any CPU.Build.0 = Debug|Any CPU
		{B2A2055E-1425-4DEE-9664-8397B2799A79}.Release|Any CPU.ActiveCfg = Release|Any CPU
		{B2A2055E-1425-4DEE-9664-8397B2799A79}.Release|Any CPU.Build.0 = Release|Any CPU
	EndGlobalSection
	GlobalSection(SolutionProperties) = preSolution
		HideSolutionNode = FALSE
	EndGlobalSection
	GlobalSection(ExtensibilityGlobals) = postSolution
		SolutionGuid = {E6048A77-D023-42FF-9580-9232EFA3C33E}
	EndGlobalSection
EndGlobal
