
Microsoft Visual Studio Solution File, Format Version 12.00
# Visual Studio Version 16
VisualStudioVersion = 16.0.31112.23
MinimumVisualStudioVersion = 10.0.40219.1
Project("{FAE04EC0-301F-11D3-BF4B-00C04F79EFBC}") = "algorithm_summer_14", "algorithm_summer_14\algorithm_summer_14.csproj", "{2E6B22D7-A73F-41CF-8E8C-FEB424D1BAC2}"
EndProject
Global
	GlobalSection(SolutionConfigurationPlatforms) = preSolution
		Debug|Any CPU = Debug|Any CPU
		Release|Any CPU = Release|Any CPU
	EndGlobalSection
	GlobalSection(ProjectConfigurationPlatforms) = postSolution
		{2E6B22D7-A73F-41CF-8E8C-FEB424D1BAC2}.Debug|Any CPU.ActiveCfg = Debug|Any CPU
		{2E6B22D7-A73F-41CF-8E8C-FEB424D1BAC2}.Debug|Any CPU.Build.0 = Debug|Any CPU
		{2E6B22D7-A73F-41CF-8E8C-FEB424D1BAC2}.Release|Any CPU.ActiveCfg = Release|Any CPU
		{2E6B22D7-A73F-41CF-8E8C-FEB424D1BAC2}.Release|Any CPU.Build.0 = Release|Any CPU
	EndGlobalSection
	GlobalSection(SolutionProperties) = preSolution
		HideSolutionNode = FALSE
	EndGlobalSection
	GlobalSection(ExtensibilityGlobals) = postSolution
		SolutionGuid = {85A1B110-0AF9-4CCA-BCCE-6539AC7DC2B8}
	EndGlobalSection
EndGlobal
